// !$*UTF8*$!
{
	archiveVersion = 1;
	classes = {
	};
	objectVersion = 56;
	objects = {

/* Begin PBXBuildFile section */
		800AFCEA2AA7627C00756F4B /* SettingsLabelView.swift in Sources */ = {isa = PBXBuildFile; fileRef = 800AFCE92AA7627C00756F4B /* SettingsLabelView.swift */; };
		800AFCEC2AA7690000756F4B /* SettingsRowView.swift in Sources */ = {isa = PBXBuildFile; fileRef = 800AFCEB2AA7690000756F4B /* SettingsRowView.swift */; };
		8012B59A2A9AF2080048928D /* StartButtonView.swift in Sources */ = {isa = PBXBuildFile; fileRef = 8012B5992A9AF2080048928D /* StartButtonView.swift */; };
		8012B59C2A9AFF190048928D /* OnboardingView.swift in Sources */ = {isa = PBXBuildFile; fileRef = 8012B59B2A9AFF190048928D /* OnboardingView.swift */; };
		8012B59F2A9B01B00048928D /* FruitModel.swift in Sources */ = {isa = PBXBuildFile; fileRef = 8012B59E2A9B01B00048928D /* FruitModel.swift */; };
		8012B5A22A9B03740048928D /* FruitData.swift in Sources */ = {isa = PBXBuildFile; fileRef = 8012B5A12A9B03740048928D /* FruitData.swift */; };
		8012B5A42A9B86BF0048928D /* FruitRowView.swift in Sources */ = {isa = PBXBuildFile; fileRef = 8012B5A32A9B86BF0048928D /* FruitRowView.swift */; };
		8012B5A62A9B8DA20048928D /* FruitDetailView.swift in Sources */ = {isa = PBXBuildFile; fileRef = 8012B5A52A9B8DA20048928D /* FruitDetailView.swift */; };
		8012B5A82A9B92420048928D /* FruitHeaderView.swift in Sources */ = {isa = PBXBuildFile; fileRef = 8012B5A72A9B92420048928D /* FruitHeaderView.swift */; };
		8012B5AA2A9B97090048928D /* SourceLinkView.swift in Sources */ = {isa = PBXBuildFile; fileRef = 8012B5A92A9B97090048928D /* SourceLinkView.swift */; };
		802B86C42A99E277005A296C /* SwiftUi_FruitsApp.swift in Sources */ = {isa = PBXBuildFile; fileRef = 802B86C32A99E277005A296C /* SwiftUi_FruitsApp.swift */; };
		802B86C62A99E277005A296C /* ContentView.swift in Sources */ = {isa = PBXBuildFile; fileRef = 802B86C52A99E277005A296C /* ContentView.swift */; };
		802B86C82A99E279005A296C /* Assets.xcassets in Resources */ = {isa = PBXBuildFile; fileRef = 802B86C72A99E279005A296C /* Assets.xcassets */; };
		802B86CB2A99E279005A296C /* Preview Assets.xcassets in Resources */ = {isa = PBXBuildFile; fileRef = 802B86CA2A99E279005A296C /* Preview Assets.xcassets */; };
		802B86D42A9A008F005A296C /* FruitCardView.swift in Sources */ = {isa = PBXBuildFile; fileRef = 802B86D32A9A008F005A296C /* FruitCardView.swift */; };
		803FAF6E2AA611D700B1CE4E /* FruitNutrientsView.swift in Sources */ = {isa = PBXBuildFile; fileRef = 803FAF6D2AA611D700B1CE4E /* FruitNutrientsView.swift */; };
		803FAF702AA6185400B1CE4E /* SettingsView.swift in Sources */ = {isa = PBXBuildFile; fileRef = 803FAF6F2AA6185400B1CE4E /* SettingsView.swift */; };
/* End PBXBuildFile section */

/* Begin PBXFileReference section */
		800AFCE92AA7627C00756F4B /* SettingsLabelView.swift */ = {isa = PBXFileReference; lastKnownFileType = sourcecode.swift; path = SettingsLabelView.swift; sourceTree = "<group>"; };
		800AFCEB2AA7690000756F4B /* SettingsRowView.swift */ = {isa = PBXFileReference; lastKnownFileType = sourcecode.swift; path = SettingsRowView.swift; sourceTree = "<group>"; };
		8012B5992A9AF2080048928D /* StartButtonView.swift */ = {isa = PBXFileReference; lastKnownFileType = sourcecode.swift; path = StartButtonView.swift; sourceTree = "<group>"; };
		8012B59B2A9AFF190048928D /* OnboardingView.swift */ = {isa = PBXFileReference; lastKnownFileType = sourcecode.swift; path = OnboardingView.swift; sourceTree = "<group>"; };
		8012B59E2A9B01B00048928D /* FruitModel.swift */ = {isa = PBXFileReference; lastKnownFileType = sourcecode.swift; path = FruitModel.swift; sourceTree = "<group>"; };
		8012B5A12A9B03740048928D /* FruitData.swift */ = {isa = PBXFileReference; lastKnownFileType = sourcecode.swift; path = FruitData.swift; sourceTree = "<group>"; };
		8012B5A32A9B86BF0048928D /* FruitRowView.swift */ = {isa = PBXFileReference; lastKnownFileType = sourcecode.swift; path = FruitRowView.swift; sourceTree = "<group>"; };
		8012B5A52A9B8DA20048928D /* FruitDetailView.swift */ = {isa = PBXFileReference; lastKnownFileType = sourcecode.swift; path = FruitDetailView.swift; sourceTree = "<group>"; };
		8012B5A72A9B92420048928D /* FruitHeaderView.swift */ = {isa = PBXFileReference; lastKnownFileType = sourcecode.swift; path = FruitHeaderView.swift; sourceTree = "<group>"; };
		8012B5A92A9B97090048928D /* SourceLinkView.swift */ = {isa = PBXFileReference; lastKnownFileType = sourcecode.swift; path = SourceLinkView.swift; sourceTree = "<group>"; };
		802B86C02A99E277005A296C /* SwiftUi Fruits.app */ = {isa = PBXFileReference; explicitFileType = wrapper.application; includeInIndex = 0; path = "SwiftUi Fruits.app"; sourceTree = BUILT_PRODUCTS_DIR; };
		802B86C32A99E277005A296C /* SwiftUi_FruitsApp.swift */ = {isa = PBXFileReference; lastKnownFileType = sourcecode.swift; path = SwiftUi_FruitsApp.swift; sourceTree = "<group>"; };
		802B86C52A99E277005A296C /* ContentView.swift */ = {isa = PBXFileReference; lastKnownFileType = sourcecode.swift; path = ContentView.swift; sourceTree = "<group>"; };
		802B86C72A99E279005A296C /* Assets.xcassets */ = {isa = PBXFileReference; lastKnownFileType = folder.assetcatalog; path = Assets.xcassets; sourceTree = "<group>"; };
		802B86CA2A99E279005A296C /* Preview Assets.xcassets */ = {isa = PBXFileReference; lastKnownFileType = folder.assetcatalog; path = "Preview Assets.xcassets"; sourceTree = "<group>"; };
		802B86D32A9A008F005A296C /* FruitCardView.swift */ = {isa = PBXFileReference; lastKnownFileType = sourcecode.swift; path = FruitCardView.swift; sourceTree = "<group>"; };
		803FAF6D2AA611D700B1CE4E /* FruitNutrientsView.swift */ = {isa = PBXFileReference; lastKnownFileType = sourcecode.swift; path = FruitNutrientsView.swift; sourceTree = "<group>"; };
		803FAF6F2AA6185400B1CE4E /* SettingsView.swift */ = {isa = PBXFileReference; lastKnownFileType = sourcecode.swift; path = SettingsView.swift; sourceTree = "<group>"; };
/* End PBXFileReference section */

/* Begin PBXFrameworksBuildPhase section */
		802B86BD2A99E277005A296C /* Frameworks */ = {
			isa = PBXFrameworksBuildPhase;
			buildActionMask = 2147483647;
			files = (
			);
			runOnlyForDeploymentPostprocessing = 0;
		};
/* End PBXFrameworksBuildPhase section */

/* Begin PBXGroup section */
		8012B59D2A9B01990048928D /* Model */ = {
			isa = PBXGroup;
			children = (
				8012B59E2A9B01B00048928D /* FruitModel.swift */,
			);
			path = Model;
			sourceTree = "<group>";
		};
		8012B5A02A9B035D0048928D /* Data */ = {
			isa = PBXGroup;
			children = (
				8012B5A12A9B03740048928D /* FruitData.swift */,
			);
			path = Data;
			sourceTree = "<group>";
		};
		802B86B72A99E276005A296C = {
			isa = PBXGroup;
			children = (
				802B86C22A99E277005A296C /* SwiftUi Fruits */,
				802B86C12A99E277005A296C /* Products */,
			);
			sourceTree = "<group>";
		};
		802B86C12A99E277005A296C /* Products */ = {
			isa = PBXGroup;
			children = (
				802B86C02A99E277005A296C /* SwiftUi Fruits.app */,
			);
			name = Products;
			sourceTree = "<group>";
		};
		802B86C22A99E277005A296C /* SwiftUi Fruits */ = {
			isa = PBXGroup;
			children = (
				8012B5A02A9B035D0048928D /* Data */,
				8012B59D2A9B01990048928D /* Model */,
				802B86D22A9A0075005A296C /* View */,
				802B86D12A99FFCB005A296C /* App */,
				802B86C72A99E279005A296C /* Assets.xcassets */,
				802B86C92A99E279005A296C /* Preview Content */,
			);
			path = "SwiftUi Fruits";
			sourceTree = "<group>";
		};
		802B86C92A99E279005A296C /* Preview Content */ = {
			isa = PBXGroup;
			children = (
				802B86CA2A99E279005A296C /* Preview Assets.xcassets */,
			);
			path = "Preview Content";
			sourceTree = "<group>";
		};
		802B86D12A99FFCB005A296C /* App */ = {
			isa = PBXGroup;
			children = (
				802B86C32A99E277005A296C /* SwiftUi_FruitsApp.swift */,
				802B86C52A99E277005A296C /* ContentView.swift */,
			);
			path = App;
			sourceTree = "<group>";
		};
		802B86D22A9A0075005A296C /* View */ = {
			isa = PBXGroup;
			children = (
				802B86D32A9A008F005A296C /* FruitCardView.swift */,
				8012B5992A9AF2080048928D /* StartButtonView.swift */,
				8012B59B2A9AFF190048928D /* OnboardingView.swift */,
				8012B5A32A9B86BF0048928D /* FruitRowView.swift */,
				8012B5A52A9B8DA20048928D /* FruitDetailView.swift */,
				8012B5A72A9B92420048928D /* FruitHeaderView.swift */,
				8012B5A92A9B97090048928D /* SourceLinkView.swift */,
				803FAF6D2AA611D700B1CE4E /* FruitNutrientsView.swift */,
				803FAF6F2AA6185400B1CE4E /* SettingsView.swift */,
				800AFCE92AA7627C00756F4B /* SettingsLabelView.swift */,
				800AFCEB2AA7690000756F4B /* SettingsRowView.swift */,
			);
			path = View;
			sourceTree = "<group>";
		};
/* End PBXGroup section */

/* Begin PBXNativeTarget section */
		802B86BF2A99E277005A296C /* SwiftUi Fruits */ = {
			isa = PBXNativeTarget;
			buildConfigurationList = 802B86CE2A99E279005A296C /* Build configuration list for PBXNativeTarget "SwiftUi Fruits" */;
			buildPhases = (
				802B86BC2A99E277005A296C /* Sources */,
				802B86BD2A99E277005A296C /* Frameworks */,
				802B86BE2A99E277005A296C /* Resources */,
			);
			buildRules = (
			);
			dependencies = (
			);
			name = "SwiftUi Fruits";
			productName = "SwiftUi Fruits";
			productReference = 802B86C02A99E277005A296C /* SwiftUi Fruits.app */;
			productType = "com.apple.product-type.application";
		};
/* End PBXNativeTarget section */

/* Begin PBXProject section */
		802B86B82A99E276005A296C /* Project object */ = {
			isa = PBXProject;
			attributes = {
				BuildIndependentTargetsInParallel = 1;
				LastSwiftUpdateCheck = 1430;
				LastUpgradeCheck = 1430;
				TargetAttributes = {
					802B86BF2A99E277005A296C = {
						CreatedOnToolsVersion = 14.3.1;
					};
				};
			};
			buildConfigurationList = 802B86BB2A99E276005A296C /* Build configuration list for PBXProject "SwiftUi Fruits" */;
			compatibilityVersion = "Xcode 14.0";
			developmentRegion = en;
			hasScannedForEncodings = 0;
			knownRegions = (
				en,
				Base,
			);
			mainGroup = 802B86B72A99E276005A296C;
			productRefGroup = 802B86C12A99E277005A296C /* Products */;
			projectDirPath = "";
			projectRoot = "";
			targets = (
				802B86BF2A99E277005A296C /* SwiftUi Fruits */,
			);
		};
/* End PBXProject section */

/* Begin PBXResourcesBuildPhase section */
		802B86BE2A99E277005A296C /* Resources */ = {
			isa = PBXResourcesBuildPhase;
			buildActionMask = 2147483647;
			files = (
				802B86CB2A99E279005A296C /* Preview Assets.xcassets in Resources */,
				802B86C82A99E279005A296C /* Assets.xcassets in Resources */,
			);
			runOnlyForDeploymentPostprocessing = 0;
		};
/* End PBXResourcesBuildPhase section */

/* Begin PBXSourcesBuildPhase section */
		802B86BC2A99E277005A296C /* Sources */ = {
			isa = PBXSourcesBuildPhase;
			buildActionMask = 2147483647;
			files = (
				8012B5A22A9B03740048928D /* FruitData.swift in Sources */,
				8012B5AA2A9B97090048928D /* SourceLinkView.swift in Sources */,
				800AFCEC2AA7690000756F4B /* SettingsRowView.swift in Sources */,
				802B86D42A9A008F005A296C /* FruitCardView.swift in Sources */,
				8012B5A42A9B86BF0048928D /* FruitRowView.swift in Sources */,
				803FAF6E2AA611D700B1CE4E /* FruitNutrientsView.swift in Sources */,
				8012B59A2A9AF2080048928D /* StartButtonView.swift in Sources */,
				8012B5A62A9B8DA20048928D /* FruitDetailView.swift in Sources */,
				802B86C62A99E277005A296C /* ContentView.swift in Sources */,
				8012B5A82A9B92420048928D /* FruitHeaderView.swift in Sources */,
				8012B59C2A9AFF190048928D /* OnboardingView.swift in Sources */,
				800AFCEA2AA7627C00756F4B /* SettingsLabelView.swift in Sources */,
				8012B59F2A9B01B00048928D /* FruitModel.swift in Sources */,
				802B86C42A99E277005A296C /* SwiftUi_FruitsApp.swift in Sources */,
				803FAF702AA6185400B1CE4E /* SettingsView.swift in Sources */,
			);
			runOnlyForDeploymentPostprocessing = 0;
		};
/* End PBXSourcesBuildPhase section */

/* Begin XCBuildConfiguration section */
		802B86CC2A99E279005A296C /* Debug */ = {
			isa = XCBuildConfiguration;
			buildSettings = {
				ALWAYS_SEARCH_USER_PATHS = NO;
				CLANG_ANALYZER_NONNULL = YES;
				CLANG_ANALYZER_NUMBER_OBJECT_CONVERSION = YES_AGGRESSIVE;
				CLANG_CXX_LANGUAGE_STANDARD = "gnu++20";
				CLANG_ENABLE_MODULES = YES;
				CLANG_ENABLE_OBJC_ARC = YES;
				CLANG_ENABLE_OBJC_WEAK = YES;
				CLANG_WARN_BLOCK_CAPTURE_AUTORELEASING = YES;
				CLANG_WARN_BOOL_CONVERSION = YES;
				CLANG_WARN_COMMA = YES;
				CLANG_WARN_CONSTANT_CONVERSION = YES;
				CLANG_WARN_DEPRECATED_OBJC_IMPLEMENTATIONS = YES;
				CLANG_WARN_DIRECT_OBJC_ISA_USAGE = YES_ERROR;
				CLANG_WARN_DOCUMENTATION_COMMENTS = YES;
				CLANG_WARN_EMPTY_BODY = YES;
				CLANG_WARN_ENUM_CONVERSION = YES;
				CLANG_WARN_INFINITE_RECURSION = YES;
				CLANG_WARN_INT_CONVERSION = YES;
				CLANG_WARN_NON_LITERAL_NULL_CONVERSION = YES;
				CLANG_WARN_OBJC_IMPLICIT_RETAIN_SELF = YES;
				CLANG_WARN_OBJC_LITERAL_CONVERSION = YES;
				CLANG_WARN_OBJC_ROOT_CLASS = YES_ERROR;
				CLANG_WARN_QUOTED_INCLUDE_IN_FRAMEWORK_HEADER = YES;
				CLANG_WARN_RANGE_LOOP_ANALYSIS = YES;
				CLANG_WARN_STRICT_PROTOTYPES = YES;
				CLANG_WARN_SUSPICIOUS_MOVE = YES;
				CLANG_WARN_UNGUARDED_AVAILABILITY = YES_AGGRESSIVE;
				CLANG_WARN_UNREACHABLE_CODE = YES;
				CLANG_WARN__DUPLICATE_METHOD_MATCH = YES;
				COPY_PHASE_STRIP = NO;
				DEBUG_INFORMATION_FORMAT = dwarf;
				ENABLE_STRICT_OBJC_MSGSEND = YES;
				ENABLE_TESTABILITY = YES;
				GCC_C_LANGUAGE_STANDARD = gnu11;
				GCC_DYNAMIC_NO_PIC = NO;
				GCC_NO_COMMON_BLOCKS = YES;
				GCC_OPTIMIZATION_LEVEL = 0;
				GCC_PREPROCESSOR_DEFINITIONS = (
					"DEBUG=1",
					"$(inherited)",
				);
				GCC_WARN_64_TO_32_BIT_CONVERSION = YES;
				GCC_WARN_ABOUT_RETURN_TYPE = YES_ERROR;
				GCC_WARN_UNDECLARED_SELECTOR = YES;
				GCC_WARN_UNINITIALIZED_AUTOS = YES_AGGRESSIVE;
				GCC_WARN_UNUSED_FUNCTION = YES;
				GCC_WARN_UNUSED_VARIABLE = YES;
				IPHONEOS_DEPLOYMENT_TARGET = 16.4;
				MTL_ENABLE_DEBUG_INFO = INCLUDE_SOURCE;
				MTL_FAST_MATH = YES;
				ONLY_ACTIVE_ARCH = YES;
				SDKROOT = iphoneos;
				SWIFT_ACTIVE_COMPILATION_CONDITIONS = DEBUG;
				SWIFT_OPTIMIZATION_LEVEL = "-Onone";
			};
			name = Debug;
		};
		802B86CD2A99E279005A296C /* Release */ = {
			isa = XCBuildConfiguration;
			buildSettings = {
				ALWAYS_SEARCH_USER_PATHS = NO;
				CLANG_ANALYZER_NONNULL = YES;
				CLANG_ANALYZER_NUMBER_OBJECT_CONVERSION = YES_AGGRESSIVE;
				CLANG_CXX_LANGUAGE_STANDARD = "gnu++20";
				CLANG_ENABLE_MODULES = YES;
				CLANG_ENABLE_OBJC_ARC = YES;
				CLANG_ENABLE_OBJC_WEAK = YES;
				CLANG_WARN_BLOCK_CAPTURE_AUTORELEASING = YES;
				CLANG_WARN_BOOL_CONVERSION = YES;
				CLANG_WARN_COMMA = YES;
				CLANG_WARN_CONSTANT_CONVERSION = YES;
				CLANG_WARN_DEPRECATED_OBJC_IMPLEMENTATIONS = YES;
				CLANG_WARN_DIRECT_OBJC_ISA_USAGE = YES_ERROR;
				CLANG_WARN_DOCUMENTATION_COMMENTS = YES;
				CLANG_WARN_EMPTY_BODY = YES;
				CLANG_WARN_ENUM_CONVERSION = YES;
				CLANG_WARN_INFINITE_RECURSION = YES;
				CLANG_WARN_INT_CONVERSION = YES;
				CLANG_WARN_NON_LITERAL_NULL_CONVERSION = YES;
				CLANG_WARN_OBJC_IMPLICIT_RETAIN_SELF = YES;
				CLANG_WARN_OBJC_LITERAL_CONVERSION = YES;
				CLANG_WARN_OBJC_ROOT_CLASS = YES_ERROR;
				CLANG_WARN_QUOTED_INCLUDE_IN_FRAMEWORK_HEADER = YES;
				CLANG_WARN_RANGE_LOOP_ANALYSIS = YES;
				CLANG_WARN_STRICT_PROTOTYPES = YES;
				CLANG_WARN_SUSPICIOUS_MOVE = YES;
				CLANG_WARN_UNGUARDED_AVAILABILITY = YES_AGGRESSIVE;
				CLANG_WARN_UNREACHABLE_CODE = YES;
				CLANG_WARN__DUPLICATE_METHOD_MATCH = YES;
				COPY_PHASE_STRIP = NO;
				DEBUG_INFORMATION_FORMAT = "dwarf-with-dsym";
				ENABLE_NS_ASSERTIONS = NO;
				ENABLE_STRICT_OBJC_MSGSEND = YES;
				GCC_C_LANGUAGE_STANDARD = gnu11;
				GCC_NO_COMMON_BLOCKS = YES;
				GCC_WARN_64_TO_32_BIT_CONVERSION = YES;
				GCC_WARN_ABOUT_RETURN_TYPE = YES_ERROR;
				GCC_WARN_UNDECLARED_SELECTOR = YES;
				GCC_WARN_UNINITIALIZED_AUTOS = YES_AGGRESSIVE;
				GCC_WARN_UNUSED_FUNCTION = YES;
				GCC_WARN_UNUSED_VARIABLE = YES;
				IPHONEOS_DEPLOYMENT_TARGET = 16.4;
				MTL_ENABLE_DEBUG_INFO = NO;
				MTL_FAST_MATH = YES;
				SDKROOT = iphoneos;
				SWIFT_COMPILATION_MODE = wholemodule;
				SWIFT_OPTIMIZATION_LEVEL = "-O";
				VALIDATE_PRODUCT = YES;
			};
			name = Release;
		};
		802B86CF2A99E279005A296C /* Debug */ = {
			isa = XCBuildConfiguration;
			buildSettings = {
				ASSETCATALOG_COMPILER_APPICON_NAME = AppIcon;
				ASSETCATALOG_COMPILER_GLOBAL_ACCENT_COLOR_NAME = AccentColor;
				CODE_SIGN_STYLE = Automatic;
				CURRENT_PROJECT_VERSION = 1;
				DEVELOPMENT_ASSET_PATHS = "\"SwiftUi Fruits/Preview Content\"";
				ENABLE_PREVIEWS = YES;
				GENERATE_INFOPLIST_FILE = YES;
				INFOPLIST_KEY_UIApplicationSceneManifest_Generation = YES;
				INFOPLIST_KEY_UIApplicationSupportsIndirectInputEvents = YES;
				INFOPLIST_KEY_UILaunchScreen_Generation = YES;
				INFOPLIST_KEY_UISupportedInterfaceOrientations_iPad = "UIInterfaceOrientationPortrait UIInterfaceOrientationPortraitUpsideDown UIInterfaceOrientationLandscapeLeft UIInterfaceOrientationLandscapeRight";
				INFOPLIST_KEY_UISupportedInterfaceOrientations_iPhone = "UIInterfaceOrientationPortrait UIInterfaceOrientationLandscapeLeft UIInterfaceOrientationLandscapeRight";
				LD_RUNPATH_SEARCH_PATHS = (
					"$(inherited)",
					"@executable_path/Frameworks",
				);
				MARKETING_VERSION = 1.0;
				PRODUCT_BUNDLE_IDENTIFIER = "energeek.SwiftUi-Fruits";
				PRODUCT_NAME = "$(TARGET_NAME)";
				SWIFT_EMIT_LOC_STRINGS = YES;
				SWIFT_VERSION = 5.0;
				TARGETED_DEVICE_FAMILY = "1,2";
			};
			name = Debug;
		};
		802B86D02A99E279005A296C /* Release */ = {
			isa = XCBuildConfiguration;
			buildSettings = {
				ASSETCATALOG_COMPILER_APPICON_NAME = AppIcon;
				ASSETCATALOG_COMPILER_GLOBAL_ACCENT_COLOR_NAME = AccentColor;
				CODE_SIGN_STYLE = Automatic;
				CURRENT_PROJECT_VERSION = 1;
				DEVELOPMENT_ASSET_PATHS = "\"SwiftUi Fruits/Preview Content\"";
				ENABLE_PREVIEWS = YES;
				GENERATE_INFOPLIST_FILE = YES;
				INFOPLIST_KEY_UIApplicationSceneManifest_Generation = YES;
				INFOPLIST_KEY_UIApplicationSupportsIndirectInputEvents = YES;
				INFOPLIST_KEY_UILaunchScreen_Generation = YES;
				INFOPLIST_KEY_UISupportedInterfaceOrientations_iPad = "UIInterfaceOrientationPortrait UIInterfaceOrientationPortraitUpsideDown UIInterfaceOrientationLandscapeLeft UIInterfaceOrientationLandscapeRight";
				INFOPLIST_KEY_UISupportedInterfaceOrientations_iPhone = "UIInterfaceOrientationPortrait UIInterfaceOrientationLandscapeLeft UIInterfaceOrientationLandscapeRight";
				LD_RUNPATH_SEARCH_PATHS = (
					"$(inherited)",
					"@executable_path/Frameworks",
				);
				MARKETING_VERSION = 1.0;
				PRODUCT_BUNDLE_IDENTIFIER = "energeek.SwiftUi-Fruits";
				PRODUCT_NAME = "$(TARGET_NAME)";
				SWIFT_EMIT_LOC_STRINGS = YES;
				SWIFT_VERSION = 5.0;
				TARGETED_DEVICE_FAMILY = "1,2";
			};
			name = Release;
		};
/* End XCBuildConfiguration section */

/* Begin XCConfigurationList section */
		802B86BB2A99E276005A296C /* Build configuration list for PBXProject "SwiftUi Fruits" */ = {
			isa = XCConfigurationList;
			buildConfigurations = (
				802B86CC2A99E279005A296C /* Debug */,
				802B86CD2A99E279005A296C /* Release */,
			);
			defaultConfigurationIsVisible = 0;
			defaultConfigurationName = Release;
		};
		802B86CE2A99E279005A296C /* Build configuration list for PBXNativeTarget "SwiftUi Fruits" */ = {
			isa = XCConfigurationList;
			buildConfigurations = (
				802B86CF2A99E279005A296C /* Debug */,
				802B86D02A99E279005A296C /* Release */,
			);
			defaultConfigurationIsVisible = 0;
			defaultConfigurationName = Release;
		};
/* End XCConfigurationList section */
	};
	rootObject = 802B86B82A99E276005A296C /* Project object */;
}
